
Microsoft Visual Studio Solution File, Format Version 12.00
# Visual Studio Version 17
VisualStudioVersion = 17.1.32328.378
MinimumVisualStudioVersion = 10.0.40219.1
Project("{FAE04EC0-301F-11D3-BF4B-00C04F79EFBC}") = "CMD.WEBAPI", "CMD.WEBAPI\CMD.WEBAPI.csproj", "{D3A8756D-AF42-46BA-9181-B5A538A18786}"
EndProject
Project("{FAE04EC0-301F-11D3-BF4B-00C04F79EFBC}") = "CMD.WEBAPI.Tests", "CMD.WEBAPI.Tests\CMD.WEBAPI.Tests.csproj", "{A4C61528-8BC6-4368-B1BE-53317625F6A4}"
EndProject
Project("{2150E333-8FDC-42A3-9474-1A3956D46DE8}") = "API", "API", "{B0DC5213-7A49-4338-A0B7-C7E802FBC541}"
EndProject
Project("{2150E333-8FDC-42A3-9474-1A3956D46DE8}") = "Test", "Test", "{1E073AEA-C137-4ACD-8E73-94E5315DA2C2}"
EndProject
Project("{2150E333-8FDC-42A3-9474-1A3956D46DE8}") = "Business", "Business", "{11CC2CCF-8035-4072-8047-38EEC4F00975}"
EndProject
Project("{FAE04EC0-301F-11D3-BF4B-00C04F79EFBC}") = "CMD.Business.Tests", "CMD.Business.Tests\CMD.Business.Tests.csproj", "{D85C8BD9-EC77-4690-BDE5-12BCD41BFC45}"
EndProject
Project("{2150E333-8FDC-42A3-9474-1A3956D46DE8}") = "Data", "Data", "{E1BA300A-F14A-4985-A1E6-9326EA9D42A1}"
EndProject
Project("{FAE04EC0-301F-11D3-BF4B-00C04F79EFBC}") = "CMD.Repository.Tests", "CMD.Repository.Tests\CMD.Repository.Tests.csproj", "{3CF6F5FA-AAE6-46D5-A13A-6FD6A04C7AB8}"
EndProject
Project("{2150E333-8FDC-42A3-9474-1A3956D46DE8}") = "Model", "Model", "{DDD86379-A635-41E9-9AB5-D305A037CFB6}"
EndProject
Project("{FAE04EC0-301F-11D3-BF4B-00C04F79EFBC}") = "CMD.DTO.Tests", "CMD.DTO.Tests\CMD.DTO.Tests.csproj", "{C81956FB-4E91-4835-8177-6C5ADB72853A}"
EndProject
Project("{FAE04EC0-301F-11D3-BF4B-00C04F79EFBC}") = "CMD.Model.Tests", "CMD.Model.Tests\CMD.Model.Tests.csproj", "{991ED5E8-6915-47FB-8C2F-6437AFEC85F6}"
EndProject
Global
	GlobalSection(SolutionConfigurationPlatforms) = preSolution
		Debug|Any CPU = Debug|Any CPU
		Release|Any CPU = Release|Any CPU
	EndGlobalSection
	GlobalSection(ProjectConfigurationPlatforms) = postSolution
		{D3A8756D-AF42-46BA-9181-B5A538A18786}.Debug|Any CPU.ActiveCfg = Debug|Any CPU
		{D3A8756D-AF42-46BA-9181-B5A538A18786}.Debug|Any CPU.Build.0 = Debug|Any CPU
		{D3A8756D-AF42-46BA-9181-B5A538A18786}.Release|Any CPU.ActiveCfg = Release|Any CPU
		{D3A8756D-AF42-46BA-9181-B5A538A18786}.Release|Any CPU.Build.0 = Release|Any CPU
		{A4C61528-8BC6-4368-B1BE-53317625F6A4}.Debug|Any CPU.ActiveCfg = Debug|Any CPU
		{A4C61528-8BC6-4368-B1BE-53317625F6A4}.Debug|Any CPU.Build.0 = Debug|Any CPU
		{A4C61528-8BC6-4368-B1BE-53317625F6A4}.Release|Any CPU.ActiveCfg = Release|Any CPU
		{A4C61528-8BC6-4368-B1BE-53317625F6A4}.Release|Any CPU.Build.0 = Release|Any CPU
		{D85C8BD9-EC77-4690-BDE5-12BCD41BFC45}.Debug|Any CPU.ActiveCfg = Debug|Any CPU
		{D85C8BD9-EC77-4690-BDE5-12BCD41BFC45}.Debug|Any CPU.Build.0 = Debug|Any CPU
		{D85C8BD9-EC77-4690-BDE5-12BCD41BFC45}.Release|Any CPU.ActiveCfg = Release|Any CPU
		{D85C8BD9-EC77-4690-BDE5-12BCD41BFC45}.Release|Any CPU.Build.0 = Release|Any CPU
		{3CF6F5FA-AAE6-46D5-A13A-6FD6A04C7AB8}.Debug|Any CPU.ActiveCfg = Debug|Any CPU
		{3CF6F5FA-AAE6-46D5-A13A-6FD6A04C7AB8}.Debug|Any CPU.Build.0 = Debug|Any CPU
		{3CF6F5FA-AAE6-46D5-A13A-6FD6A04C7AB8}.Release|Any CPU.ActiveCfg = Release|Any CPU
		{3CF6F5FA-AAE6-46D5-A13A-6FD6A04C7AB8}.Release|Any CPU.Build.0 = Release|Any CPU
		{C81956FB-4E91-4835-8177-6C5ADB72853A}.Debug|Any CPU.ActiveCfg = Debug|Any CPU
		{C81956FB-4E91-4835-8177-6C5ADB72853A}.Debug|Any CPU.Build.0 = Debug|Any CPU
		{C81956FB-4E91-4835-8177-6C5ADB72853A}.Release|Any CPU.ActiveCfg = Release|Any CPU
		{C81956FB-4E91-4835-8177-6C5ADB72853A}.Release|Any CPU.Build.0 = Release|Any CPU
		{991ED5E8-6915-47FB-8C2F-6437AFEC85F6}.Debug|Any CPU.ActiveCfg = Debug|Any CPU
		{991ED5E8-6915-47FB-8C2F-6437AFEC85F6}.Debug|Any CPU.Build.0 = Debug|Any CPU
		{991ED5E8-6915-47FB-8C2F-6437AFEC85F6}.Release|Any CPU.ActiveCfg = Release|Any CPU
		{991ED5E8-6915-47FB-8C2F-6437AFEC85F6}.Release|Any CPU.Build.0 = Release|Any CPU
	EndGlobalSection
	GlobalSection(SolutionProperties) = preSolution
		HideSolutionNode = FALSE
	EndGlobalSection
	GlobalSection(NestedProjects) = preSolution
		{D3A8756D-AF42-46BA-9181-B5A538A18786} = {B0DC5213-7A49-4338-A0B7-C7E802FBC541}
		{A4C61528-8BC6-4368-B1BE-53317625F6A4} = {1E073AEA-C137-4ACD-8E73-94E5315DA2C2}
		{D85C8BD9-EC77-4690-BDE5-12BCD41BFC45} = {11CC2CCF-8035-4072-8047-38EEC4F00975}
		{3CF6F5FA-AAE6-46D5-A13A-6FD6A04C7AB8} = {E1BA300A-F14A-4985-A1E6-9326EA9D42A1}
		{C81956FB-4E91-4835-8177-6C5ADB72853A} = {DDD86379-A635-41E9-9AB5-D305A037CFB6}
		{991ED5E8-6915-47FB-8C2F-6437AFEC85F6} = {DDD86379-A635-41E9-9AB5-D305A037CFB6}
	EndGlobalSection
	GlobalSection(ExtensibilityGlobals) = postSolution
		SolutionGuid = {258A6568-B192-404E-B430-BEA37C9FC5FC}
	EndGlobalSection
EndGlobal
